
Microsoft Visual Studio Solution File, Format Version 12.00
# Visual Studio Version 17
VisualStudioVersion = 17.4.33403.182
MinimumVisualStudioVersion = 10.0.40219.1
Project("{FAE04EC0-301F-11D3-BF4B-00C04F79EFBC}") = "KeyBinderV1", "KeyBinderV1.csproj", "{87BF5D56-DECE-4F58-A33C-5CA67D521F69}"
EndProject
Global
	GlobalSection(SolutionConfigurationPlatforms) = preSolution
		Debug|Any CPU = Debug|Any CPU
		Release|Any CPU = Release|Any CPU
	EndGlobalSection
	GlobalSection(ProjectConfigurationPlatforms) = postSolution
		{87BF5D56-DECE-4F58-A33C-5CA67D521F69}.Debug|Any CPU.ActiveCfg = Debug|Any CPU
		{87BF5D56-DECE-4F58-A33C-5CA67D521F69}.Debug|Any CPU.Build.0 = Debug|Any CPU
		{87BF5D56-DECE-4F58-A33C-5CA67D521F69}.Release|Any CPU.ActiveCfg = Release|Any CPU
		{87BF5D56-DECE-4F58-A33C-5CA67D521F69}.Release|Any CPU.Build.0 = Release|Any CPU
	EndGlobalSection
	GlobalSection(SolutionProperties) = preSolution
		HideSolutionNode = FALSE
	EndGlobalSection
	GlobalSection(ExtensibilityGlobals) = postSolution
		SolutionGuid = {15B8BD82-2D23-459F-92B1-519F4B13635A}
	EndGlobalSection
EndGlobal
